// !$*UTF8*$!
{
	archiveVersion = 1;
	classes = {
	};
	objectVersion = 77;
	objects = {

/* Begin PBXBuildFile section */
		D1A760A12F884D0D00CF15E5 /* PrivacyInfo.xcprivacy in Resources */ = {isa = PBXBuildFile; fileRef = D1A760A02F884D0D00CF15E5 /* PrivacyInfo.xcprivacy */; };
		D1B74A6D2FB9E3EA00ABFEE8 /* FirebaseAnalytics in Frameworks */ = {isa = PBXBuildFile; productRef = D1B74A6C2FB9E3EA00ABFEE8 /* FirebaseAnalytics */; };
		D1B74A6F2FB9E3EA00ABFEE8 /* FirebaseMessaging in Frameworks */ = {isa = PBXBuildFile; productRef = D1B74A6E2FB9E3EA00ABFEE8 /* FirebaseMessaging */; };
		D1B74A722FB9E95D00ABFEE8 /* BranchSDK in Frameworks */ = {isa = PBXBuildFile; productRef = D1B74A712FB9E95D00ABFEE8 /* BranchSDK */; };
/* End PBXBuildFile section */

/* Begin PBXContainerItemProxy section */
		D1A7603E2F6B47DC00CF15E5 /* PBXContainerItemProxy */ = {
			isa = PBXContainerItemProxy;
			containerPortal = D1A7601A2F6B47DA00CF15E5 /* Project object */;
			proxyType = 1;
			remoteGlobalIDString = D1A760212F6B47DA00CF15E5;
			remoteInfo = Aravaca_Pozuelo;
		};
		D1A760482F6B47DD00CF15E5 /* PBXContainerItemProxy */ = {
			isa = PBXContainerItemProxy;
			containerPortal = D1A7601A2F6B47DA00CF15E5 /* Project object */;
			proxyType = 1;
			remoteGlobalIDString = D1A760212F6B47DA00CF15E5;
			remoteInfo = Aravaca_Pozuelo;
		};
/* End PBXContainerItemProxy section */

/* Begin PBXFileReference section */
		D1A760222F6B47DA00CF15E5 /* Aravaca_Pozuelo.app */ = {isa = PBXFileReference; explicitFileType = wrapper.application; includeInIndex = 0; path = Aravaca_Pozuelo.app; sourceTree = BUILT_PRODUCTS_DIR; };
		D1A7603D2F6B47DC00CF15E5 /* Aravaca_PozueloTests.xctest */ = {isa = PBXFileReference; explicitFileType = wrapper.cfbundle; includeInIndex = 0; path = Aravaca_PozueloTests.xctest; sourceTree = BUILT_PRODUCTS_DIR; };
		D1A760472F6B47DD00CF15E5 /* Aravaca_PozueloUITests.xctest */ = {isa = PBXFileReference; explicitFileType = wrapper.cfbundle; includeInIndex = 0; path = Aravaca_PozueloUITests.xctest; sourceTree = BUILT_PRODUCTS_DIR; };
		D1A760A02F884D0D00CF15E5 /* PrivacyInfo.xcprivacy */ = {isa = PBXFileReference; lastKnownFileType = text.xml; path = PrivacyInfo.xcprivacy; sourceTree = "<group>"; };
/* End PBXFileReference section */

/* Begin PBXFileSystemSynchronizedBuildFileExceptionSet section */
		D1A7604F2F6B47DD00CF15E5 /* Exceptions for "Aravaca_Pozuelo" folder in "Aravaca_Pozuelo" target */ = {
			isa = PBXFileSystemSynchronizedBuildFileExceptionSet;
			membershipExceptions = (
				Info.plist,
			);
			target = D1A760212F6B47DA00CF15E5 /* Aravaca_Pozuelo */;
		};
/* End PBXFileSystemSynchronizedBuildFileExceptionSet section */

/* Begin PBXFileSystemSynchronizedRootGroup section */
		D1A760242F6B47DA00CF15E5 /* Aravaca_Pozuelo */ = {
			isa = PBXFileSystemSynchronizedRootGroup;
			exceptions = (
				D1A7604F2F6B47DD00CF15E5 /* Exceptions for "Aravaca_Pozuelo" folder in "Aravaca_Pozuelo" target */,
			);
			path = Aravaca_Pozuelo;
			sourceTree = "<group>";
		};
		D1A760402F6B47DC00CF15E5 /* Aravaca_PozueloTests */ = {
			isa = PBXFileSystemSynchronizedRootGroup;
			path = Aravaca_PozueloTests;
			sourceTree = "<group>";
		};
		D1A7604A2F6B47DD00CF15E5 /* Aravaca_PozueloUITests */ = {
			isa = PBXFileSystemSynchronizedRootGroup;
			path = Aravaca_PozueloUITests;
			sourceTree = "<group>";
		};
/* End PBXFileSystemSynchronizedRootGroup section */

/* Begin PBXFrameworksBuildPhase section */
		D1A7601F2F6B47DA00CF15E5 /* Frameworks */ = {
			isa = PBXFrameworksBuildPhase;
			buildActionMask = 2147483647;
			files = (
				D1B74A722FB9E95D00ABFEE8 /* BranchSDK in Frameworks */,
				D1B74A6F2FB9E3EA00ABFEE8 /* FirebaseMessaging in Frameworks */,
				D1B74A6D2FB9E3EA00ABFEE8 /* FirebaseAnalytics in Frameworks */,
			);
			runOnlyForDeploymentPostprocessing = 0;
		};
		D1A7603A2F6B47DC00CF15E5 /* Frameworks */ = {
			isa = PBXFrameworksBuildPhase;
			buildActionMask = 2147483647;
			files = (
			);
			runOnlyForDeploymentPostprocessing = 0;
		};
		D1A760442F6B47DD00CF15E5 /* Frameworks */ = {
			isa = PBXFrameworksBuildPhase;
			buildActionMask = 2147483647;
			files = (
			);
			runOnlyForDeploymentPostprocessing = 0;
		};
/* End PBXFrameworksBuildPhase section */

/* Begin PBXGroup section */
		D1A760192F6B47DA00CF15E5 = {
			isa = PBXGroup;
			children = (
				D1A760A02F884D0D00CF15E5 /* PrivacyInfo.xcprivacy */,
				D1A760242F6B47DA00CF15E5 /* Aravaca_Pozuelo */,
				D1A760402F6B47DC00CF15E5 /* Aravaca_PozueloTests */,
				D1A7604A2F6B47DD00CF15E5 /* Aravaca_PozueloUITests */,
				D1A760232F6B47DA00CF15E5 /* Products */,
			);
			sourceTree = "<group>";
		};
		D1A760232F6B47DA00CF15E5 /* Products */ = {
			isa = PBXGroup;
			children = (
				D1A760222F6B47DA00CF15E5 /* Aravaca_Pozuelo.app */,
				D1A7603D2F6B47DC00CF15E5 /* Aravaca_PozueloTests.xctest */,
				D1A760472F6B47DD00CF15E5 /* Aravaca_PozueloUITests.xctest */,
			);
			name = Products;
			sourceTree = "<group>";
		};
/* End PBXGroup section */

/* Begin PBXNativeTarget section */
		D1A760212F6B47DA00CF15E5 /* Aravaca_Pozuelo */ = {
			isa = PBXNativeTarget;
			buildConfigurationList = D1A760502F6B47DD00CF15E5 /* Build configuration list for PBXNativeTarget "Aravaca_Pozuelo" */;
			buildPhases = (
				D1A7601E2F6B47DA00CF15E5 /* Sources */,
				D1A7601F2F6B47DA00CF15E5 /* Frameworks */,
				D1A760202F6B47DA00CF15E5 /* Resources */,
			);
			buildRules = (
			);
			dependencies = (
			);
			fileSystemSynchronizedGroups = (
				D1A760242F6B47DA00CF15E5 /* Aravaca_Pozuelo */,
			);
			name = Aravaca_Pozuelo;
			packageProductDependencies = (
				D1B74A6C2FB9E3EA00ABFEE8 /* FirebaseAnalytics */,
				D1B74A6E2FB9E3EA00ABFEE8 /* FirebaseMessaging */,
				D1B74A712FB9E95D00ABFEE8 /* BranchSDK */,
			);
			productName = Aravaca_Pozuelo;
			productReference = D1A760222F6B47DA00CF15E5 /* Aravaca_Pozuelo.app */;
			productType = "com.apple.product-type.application";
		};
		D1A7603C2F6B47DC00CF15E5 /* Aravaca_PozueloTests */ = {
			isa = PBXNativeTarget;
			buildConfigurationList = D1A760552F6B47DD00CF15E5 /* Build configuration list for PBXNativeTarget "Aravaca_PozueloTests" */;
			buildPhases = (
				D1A760392F6B47DC00CF15E5 /* Sources */,
				D1A7603A2F6B47DC00CF15E5 /* Frameworks */,
				D1A7603B2F6B47DC00CF15E5 /* Resources */,
			);
			buildRules = (
			);
			dependencies = (
				D1A7603F2F6B47DC00CF15E5 /* PBXTargetDependency */,
			);
			fileSystemSynchronizedGroups = (
				D1A760402F6B47DC00CF15E5 /* Aravaca_PozueloTests */,
			);
			name = Aravaca_PozueloTests;
			packageProductDependencies = (
			);
			productName = Aravaca_PozueloTests;
			productReference = D1A7603D2F6B47DC00CF15E5 /* Aravaca_PozueloTests.xctest */;
			productType = "com.apple.product-type.bundle.unit-test";
		};
		D1A760462F6B47DD00CF15E5 /* Aravaca_PozueloUITests */ = {
			isa = PBXNativeTarget;
			buildConfigurationList = D1A760582F6B47DD00CF15E5 /* Build configuration list for PBXNativeTarget "Aravaca_PozueloUITests" */;
			buildPhases = (
				D1A760432F6B47DD00CF15E5 /* Sources */,
				D1A760442F6B47DD00CF15E5 /* Frameworks */,
				D1A760452F6B47DD00CF15E5 /* Resources */,
			);
			buildRules = (
			);
			dependencies = (
				D1A760492F6B47DD00CF15E5 /* PBXTargetDependency */,
			);
			fileSystemSynchronizedGroups = (
				D1A7604A2F6B47DD00CF15E5 /* Aravaca_PozueloUITests */,
			);
			name = Aravaca_PozueloUITests;
			packageProductDependencies = (
			);
			productName = Aravaca_PozueloUITests;
			productReference = D1A760472F6B47DD00CF15E5 /* Aravaca_PozueloUITests.xctest */;
			productType = "com.apple.product-type.bundle.ui-testing";
		};
/* End PBXNativeTarget section */

/* Begin PBXProject section */
		D1A7601A2F6B47DA00CF15E5 /* Project object */ = {
			isa = PBXProject;
			attributes = {
				BuildIndependentTargetsInParallel = 1;
				LastUpgradeCheck = 1640;
				TargetAttributes = {
					D1A760212F6B47DA00CF15E5 = {
						CreatedOnToolsVersion = 16.4;
					};
					D1A7603C2F6B47DC00CF15E5 = {
						CreatedOnToolsVersion = 16.4;
						TestTargetID = D1A760212F6B47DA00CF15E5;
					};
					D1A760462F6B47DD00CF15E5 = {
						CreatedOnToolsVersion = 16.4;
						TestTargetID = D1A760212F6B47DA00CF15E5;
					};
				};
			};
			buildConfigurationList = D1A7601D2F6B47DA00CF15E5 /* Build configuration list for PBXProject "Aravaca_Pozuelo" */;
			developmentRegion = en;
			hasScannedForEncodings = 0;
			knownRegions = (
				en,
				Base,
			);
			mainGroup = D1A760192F6B47DA00CF15E5;
			minimizedProjectReferenceProxies = 1;
			packageReferences = (
				D1B74A6B2FB9E3EA00ABFEE8 /* XCRemoteSwiftPackageReference "firebase-ios-sdk" */,
				D1B74A702FB9E95D00ABFEE8 /* XCRemoteSwiftPackageReference "ios-branch-sdk-spm" */,
			);
			preferredProjectObjectVersion = 77;
			productRefGroup = D1A760232F6B47DA00CF15E5 /* Products */;
			projectDirPath = "";
			projectRoot = "";
			targets = (
				D1A760212F6B47DA00CF15E5 /* Aravaca_Pozuelo */,
				D1A7603C2F6B47DC00CF15E5 /* Aravaca_PozueloTests */,
				D1A760462F6B47DD00CF15E5 /* Aravaca_PozueloUITests */,
			);
		};
/* End PBXProject section */

/* Begin PBXResourcesBuildPhase section */
		D1A760202F6B47DA00CF15E5 /* Resources */ = {
			isa = PBXResourcesBuildPhase;
			buildActionMask = 2147483647;
			files = (
				D1A760A12F884D0D00CF15E5 /* PrivacyInfo.xcprivacy in Resources */,
			);
			runOnlyForDeploymentPostprocessing = 0;
		};
		D1A7603B2F6B47DC00CF15E5 /* Resources */ = {
			isa = PBXResourcesBuildPhase;
			buildActionMask = 2147483647;
			files = (
			);
			runOnlyForDeploymentPostprocessing = 0;
		};
		D1A760452F6B47DD00CF15E5 /* Resources */ = {
			isa = PBXResourcesBuildPhase;
			buildActionMask = 2147483647;
			files = (
			);
			runOnlyForDeploymentPostprocessing = 0;
		};
/* End PBXResourcesBuildPhase section */

/* Begin PBXSourcesBuildPhase section */
		D1A7601E2F6B47DA00CF15E5 /* Sources */ = {
			isa = PBXSourcesBuildPhase;
			buildActionMask = 2147483647;
			files = (
			);
			runOnlyForDeploymentPostprocessing = 0;
		};
		D1A760392F6B47DC00CF15E5 /* Sources */ = {
			isa = PBXSourcesBuildPhase;
			buildActionMask = 2147483647;
			files = (
			);
			runOnlyForDeploymentPostprocessing = 0;
		};
		D1A760432F6B47DD00CF15E5 /* Sources */ = {
			isa = PBXSourcesBuildPhase;
			buildActionMask = 2147483647;
			files = (
			);
			runOnlyForDeploymentPostprocessing = 0;
		};
/* End PBXSourcesBuildPhase section */

/* Begin PBXTargetDependency section */
		D1A7603F2F6B47DC00CF15E5 /* PBXTargetDependency */ = {
			isa = PBXTargetDependency;
			target = D1A760212F6B47DA00CF15E5 /* Aravaca_Pozuelo */;
			targetProxy = D1A7603E2F6B47DC00CF15E5 /* PBXContainerItemProxy */;
		};
		D1A760492F6B47DD00CF15E5 /* PBXTargetDependency */ = {
			isa = PBXTargetDependency;
			target = D1A760212F6B47DA00CF15E5 /* Aravaca_Pozuelo */;
			targetProxy = D1A760482F6B47DD00CF15E5 /* PBXContainerItemProxy */;
		};
/* End PBXTargetDependency section */

/* Begin XCBuildConfiguration section */
		D1A760512F6B47DD00CF15E5 /* Debug */ = {
			isa = XCBuildConfiguration;
			buildSettings = {
				ASSETCATALOG_COMPILER_APPICON_NAME = AppIcon;
				ASSETCATALOG_COMPILER_GLOBAL_ACCENT_COLOR_NAME = AccentColor;
				CODE_SIGN_ENTITLEMENTS = Aravaca_Pozuelo/Aravaca_Pozuelo.entitlements;
				CODE_SIGN_STYLE = Automatic;
				CURRENT_PROJECT_VERSION = 3;
				DEVELOPMENT_TEAM = XJ6EVSFF4Y;
				GENERATE_INFOPLIST_FILE = YES;
				INFOPLIST_FILE = Aravaca_Pozuelo/Info.plist;
				INFOPLIST_KEY_CFBundleDisplayName = "Aravaca Pozuelo";
				INFOPLIST_KEY_ITSAppUsesNonExemptEncryption = NO;
				INFOPLIST_KEY_LSApplicationCategoryType = "public.app-category.lifestyle";
				INFOPLIST_KEY_UIApplicationSupportsIndirectInputEvents = YES;
				INFOPLIST_KEY_UILaunchStoryboardName = LaunchScreen;
				INFOPLIST_KEY_UIMainStoryboardFile = Main;
				INFOPLIST_KEY_UIRequiresFullScreen = YES;
				INFOPLIST_KEY_UISupportedInterfaceOrientations = UIInterfaceOrientationPortrait;
				IPHONEOS_DEPLOYMENT_TARGET = 17.6;
				LD_RUNPATH_SEARCH_PATHS = (
					"$(inherited)",
					"@executable_path/Frameworks",
				);
				MARKETING_VERSION = 1.0.2;
				PRODUCT_BUNDLE_IDENTIFIER = "com.appleia.Aravaca-Pozuelo";
				PRODUCT_NAME = "$(TARGET_NAME)";
				SUPPORTED_PLATFORMS = "iphoneos iphonesimulator";
				SUPPORTS_MACCATALYST = NO;
				SUPPORTS_MAC_DESIGNED_FOR_IPHONE_IPAD = NO;
				SUPPORTS_XR_DESIGNED_FOR_IPHONE_IPAD = NO;
				SWIFT_EMIT_LOC_STRINGS = YES;
				TARGETED_DEVICE_FAMILY = "1,2";
			};
			name = Debug;
		};
		D1A760522F6B47DD00CF15E5 /* Release */ = {
			isa = XCBuildConfiguration;
			buildSettings = {
				ASSETCATALOG_COMPILER_APPICON_NAME = AppIcon;
				ASSETCATALOG_COMPILER_GLOBAL_ACCENT_COLOR_NAME = AccentColor;
				CODE_SIGN_ENTITLEMENTS = Aravaca_Pozuelo/Aravaca_Pozuelo.entitlements;
				CODE_SIGN_STYLE = Automatic;
				CURRENT_PROJECT_VERSION = 3;
				DEVELOPMENT_TEAM = XJ6EVSFF4Y;
				GENERATE_INFOPLIST_FILE = YES;
				INFOPLIST_FILE = Aravaca_Pozuelo/Info.plist;
				INFOPLIST_KEY_CFBundleDisplayName = "Aravaca Pozuelo";
				INFOPLIST_KEY_ITSAppUsesNonExemptEncryption = NO;
				INFOPLIST_KEY_LSApplicationCategoryType = "public.app-category.lifestyle";
				INFOPLIST_KEY_UIApplicationSupportsIndirectInputEvents = YES;
				INFOPLIST_KEY_UILaunchStoryboardName = LaunchScreen;
				INFOPLIST_KEY_UIMainStoryboardFile = Main;
				INFOPLIST_KEY_UIRequiresFullScreen = YES;
				INFOPLIST_KEY_UISupportedInterfaceOrientations = UIInterfaceOrientationPortrait;
				IPHONEOS_DEPLOYMENT_TARGET = 17.6;
				LD_RUNPATH_SEARCH_PATHS = (
					"$(inherited)",
					"@executable_path/Frameworks",
				);
				MARKETING_VERSION = 1.0.2;
				PRODUCT_BUNDLE_IDENTIFIER = "com.appleia.Aravaca-Pozuelo";
				PRODUCT_NAME = "$(TARGET_NAME)";
				SUPPORTED_PLATFORMS = "iphoneos iphonesimulator";
				SUPPORTS_MACCATALYST = NO;
				SUPPORTS_MAC_DESIGNED_FOR_IPHONE_IPAD = NO;
				SUPPORTS_XR_DESIGNED_FOR_IPHONE_IPAD = NO;
				SWIFT_EMIT_LOC_STRINGS = YES;
				TARGETED_DEVICE_FAMILY = "1,2";
			};
			name = Release;
		};
		D1A760532F6B47DD00CF15E5 /* Debug */ = {
			isa = XCBuildConfiguration;
			buildSettings = {
				ALWAYS_SEARCH_USER_PATHS = NO;
				ASSETCATALOG_COMPILER_GENERATE_SWIFT_ASSET_SYMBOL_EXTENSIONS = YES;
				CLANG_ANALYZER_NONNULL = YES;
				CLANG_ANALYZER_NUMBER_OBJECT_CONVERSION = YES_AGGRESSIVE;
				CLANG_CXX_LANGUAGE_STANDARD = "gnu++20";
				CLANG_ENABLE_MODULES = YES;
				CLANG_ENABLE_OBJC_ARC = YES;
				CLANG_ENABLE_OBJC_WEAK = YES;
				CLANG_WARN_BLOCK_CAPTURE_AUTORELEASING = YES;
				CLANG_WARN_BOOL_CONVERSION = YES;
				CLANG_WARN_COMMA = YES;
				CLANG_WARN_CONSTANT_CONVERSION = YES;
				CLANG_WARN_DEPRECATED_OBJC_IMPLEMENTATIONS = YES;
				CLANG_WARN_DIRECT_OBJC_ISA_USAGE = YES_ERROR;
				CLANG_WARN_DOCUMENTATION_COMMENTS = YES;
				CLANG_WARN_EMPTY_BODY = YES;
				CLANG_WARN_ENUM_CONVERSION = YES;
				CLANG_WARN_INFINITE_RECURSION = YES;
				CLANG_WARN_INT_CONVERSION = YES;
				CLANG_WARN_NON_LITERAL_NULL_CONVERSION = YES;
				CLANG_WARN_OBJC_IMPLICIT_RETAIN_SELF = YES;
				CLANG_WARN_OBJC_LITERAL_CONVERSION = YES;
				CLANG_WARN_OBJC_ROOT_CLASS = YES_ERROR;
				CLANG_WARN_QUOTED_INCLUDE_IN_FRAMEWORK_HEADER = YES;
				CLANG_WARN_RANGE_LOOP_ANALYSIS = YES;
				CLANG_WARN_STRICT_PROTOTYPES = YES;
				CLANG_WARN_SUSPICIOUS_MOVE = YES;
				CLANG_WARN_UNGUARDED_AVAILABILITY = YES_AGGRESSIVE;
				CLANG_WARN_UNREACHABLE_CODE = YES;
				CLANG_WARN__DUPLICATE_METHOD_MATCH = YES;
				COPY_PHASE_STRIP = NO;
				DEBUG_INFORMATION_FORMAT = dwarf;
				DEVELOPMENT_TEAM = XJ6EVSFF4Y;
				ENABLE_STRICT_OBJC_MSGSEND = YES;
				ENABLE_TESTABILITY = YES;
				ENABLE_USER_SCRIPT_SANDBOXING = YES;
				GCC_C_LANGUAGE_STANDARD = gnu17;
				GCC_DYNAMIC_NO_PIC = NO;
				GCC_NO_COMMON_BLOCKS = YES;
				GCC_OPTIMIZATION_LEVEL = 0;
				GCC_PREPROCESSOR_DEFINITIONS = (
					"DEBUG=1",
					"$(inherited)",
				);
				GCC_WARN_64_TO_32_BIT_CONVERSION = YES;
				GCC_WARN_ABOUT_RETURN_TYPE = YES_ERROR;
				GCC_WARN_UNDECLARED_SELECTOR = YES;
				GCC_WARN_UNINITIALIZED_AUTOS = YES_AGGRESSIVE;
				GCC_WARN_UNUSED_FUNCTION = YES;
				GCC_WARN_UNUSED_VARIABLE = YES;
				IPHONEOS_DEPLOYMENT_TARGET = 18.5;
				LOCALIZATION_PREFERS_STRING_CATALOGS = YES;
				MTL_ENABLE_DEBUG_INFO = INCLUDE_SOURCE;
				MTL_FAST_MATH = YES;
				ONLY_ACTIVE_ARCH = YES;
				SDKROOT = iphoneos;
			};
			name = Debug;
		};
		D1A760542F6B47DD00CF15E5 /* Release */ = {
			isa = XCBuildConfiguration;
			buildSettings = {
				ALWAYS_SEARCH_USER_PATHS = NO;
				ASSETCATALOG_COMPILER_GENERATE_SWIFT_ASSET_SYMBOL_EXTENSIONS = YES;
				CLANG_ANALYZER_NONNULL = YES;
				CLANG_ANALYZER_NUMBER_OBJECT_CONVERSION = YES_AGGRESSIVE;
				CLANG_CXX_LANGUAGE_STANDARD = "gnu++20";
				CLANG_ENABLE_MODULES = YES;
				CLANG_ENABLE_OBJC_ARC = YES;
				CLANG_ENABLE_OBJC_WEAK = YES;
				CLANG_WARN_BLOCK_CAPTURE_AUTORELEASING = YES;
				CLANG_WARN_BOOL_CONVERSION = YES;
				CLANG_WARN_COMMA = YES;
				CLANG_WARN_CONSTANT_CONVERSION = YES;
				CLANG_WARN_DEPRECATED_OBJC_IMPLEMENTATIONS = YES;
				CLANG_WARN_DIRECT_OBJC_ISA_USAGE = YES_ERROR;
				CLANG_WARN_DOCUMENTATION_COMMENTS = YES;
				CLANG_WARN_EMPTY_BODY = YES;
				CLANG_WARN_ENUM_CONVERSION = YES;
				CLANG_WARN_INFINITE_RECURSION = YES;
				CLANG_WARN_INT_CONVERSION = YES;
				CLANG_WARN_NON_LITERAL_NULL_CONVERSION = YES;
				CLANG_WARN_OBJC_IMPLICIT_RETAIN_SELF = YES;
				CLANG_WARN_OBJC_LITERAL_CONVERSION = YES;
				CLANG_WARN_OBJC_ROOT_CLASS = YES_ERROR;
				CLANG_WARN_QUOTED_INCLUDE_IN_FRAMEWORK_HEADER = YES;
				CLANG_WARN_RANGE_LOOP_ANALYSIS = YES;
				CLANG_WARN_STRICT_PROTOTYPES = YES;
				CLANG_WARN_SUSPICIOUS_MOVE = YES;
				CLANG_WARN_UNGUARDED_AVAILABILITY = YES_AGGRESSIVE;
				CLANG_WARN_UNREACHABLE_CODE = YES;
				CLANG_WARN__DUPLICATE_METHOD_MATCH = YES;
				COPY_PHASE_STRIP = NO;
				DEBUG_INFORMATION_FORMAT = "dwarf-with-dsym";
				DEVELOPMENT_TEAM = XJ6EVSFF4Y;
				ENABLE_NS_ASSERTIONS = NO;
				ENABLE_STRICT_OBJC_MSGSEND = YES;
				ENABLE_USER_SCRIPT_SANDBOXING = YES;
				GCC_C_LANGUAGE_STANDARD = gnu17;
				GCC_NO_COMMON_BLOCKS = YES;
				GCC_WARN_64_TO_32_BIT_CONVERSION = YES;
				GCC_WARN_ABOUT_RETURN_TYPE = YES_ERROR;
				GCC_WARN_UNDECLARED_SELECTOR = YES;
				GCC_WARN_UNINITIALIZED_AUTOS = YES_AGGRESSIVE;
				GCC_WARN_UNUSED_FUNCTION = YES;
				GCC_WARN_UNUSED_VARIABLE = YES;
				IPHONEOS_DEPLOYMENT_TARGET = 18.5;
				LOCALIZATION_PREFERS_STRING_CATALOGS = YES;
				MTL_ENABLE_DEBUG_INFO = NO;
				MTL_FAST_MATH = YES;
				SDKROOT = iphoneos;
				VALIDATE_PRODUCT = YES;
			};
			name = Release;
		};
		D1A760562F6B47DD00CF15E5 /* Debug */ = {
			isa = XCBuildConfiguration;
			buildSettings = {
				BUNDLE_LOADER = "$(TEST_HOST)";
				CODE_SIGN_STYLE = Automatic;
				CURRENT_PROJECT_VERSION = 1;
				DEVELOPMENT_TEAM = XJ6EVSFF4Y;
				GENERATE_INFOPLIST_FILE = YES;
				IPHONEOS_DEPLOYMENT_TARGET = 18.5;
				MARKETING_VERSION = 1.0;
				PRODUCT_BUNDLE_IDENTIFIER = "com.appleia.Aravaca-PozueloTests";
				PRODUCT_NAME = "$(TARGET_NAME)";
				SWIFT_EMIT_LOC_STRINGS = NO;
				TARGETED_DEVICE_FAMILY = "1,2";
				TEST_HOST = "$(BUILT_PRODUCTS_DIR)/Aravaca_Pozuelo.app/$(BUNDLE_EXECUTABLE_FOLDER_PATH)/Aravaca_Pozuelo";
			};
			name = Debug;
		};
		D1A760572F6B47DD00CF15E5 /* Release */ = {
			isa = XCBuildConfiguration;
			buildSettings = {
				BUNDLE_LOADER = "$(TEST_HOST)";
				CODE_SIGN_STYLE = Automatic;
				CURRENT_PROJECT_VERSION = 1;
				DEVELOPMENT_TEAM = XJ6EVSFF4Y;
				GENERATE_INFOPLIST_FILE = YES;
				IPHONEOS_DEPLOYMENT_TARGET = 18.5;
				MARKETING_VERSION = 1.0;
				PRODUCT_BUNDLE_IDENTIFIER = "com.appleia.Aravaca-PozueloTests";
				PRODUCT_NAME = "$(TARGET_NAME)";
				SWIFT_EMIT_LOC_STRINGS = NO;
				TARGETED_DEVICE_FAMILY = "1,2";
				TEST_HOST = "$(BUILT_PRODUCTS_DIR)/Aravaca_Pozuelo.app/$(BUNDLE_EXECUTABLE_FOLDER_PATH)/Aravaca_Pozuelo";
			};
			name = Release;
		};
		D1A760592F6B47DD00CF15E5 /* Debug */ = {
			isa = XCBuildConfiguration;
			buildSettings = {
				CODE_SIGN_STYLE = Automatic;
				CURRENT_PROJECT_VERSION = 1;
				DEVELOPMENT_TEAM = XJ6EVSFF4Y;
				GENERATE_INFOPLIST_FILE = YES;
				MARKETING_VERSION = 1.0;
				PRODUCT_BUNDLE_IDENTIFIER = "com.appleia.Aravaca-PozueloUITests";
				PRODUCT_NAME = "$(TARGET_NAME)";
				SWIFT_EMIT_LOC_STRINGS = NO;
				TARGETED_DEVICE_FAMILY = "1,2";
				TEST_TARGET_NAME = Aravaca_Pozuelo;
			};
			name = Debug;
		};
		D1A7605A2F6B47DD00CF15E5 /* Release */ = {
			isa = XCBuildConfiguration;
			buildSettings = {
				CODE_SIGN_STYLE = Automatic;
				CURRENT_PROJECT_VERSION = 1;
				DEVELOPMENT_TEAM = XJ6EVSFF4Y;
				GENERATE_INFOPLIST_FILE = YES;
				MARKETING_VERSION = 1.0;
				PRODUCT_BUNDLE_IDENTIFIER = "com.appleia.Aravaca-PozueloUITests";
				PRODUCT_NAME = "$(TARGET_NAME)";
				SWIFT_EMIT_LOC_STRINGS = NO;
				TARGETED_DEVICE_FAMILY = "1,2";
				TEST_TARGET_NAME = Aravaca_Pozuelo;
			};
			name = Release;
		};
/* End XCBuildConfiguration section */

/* Begin XCConfigurationList section */
		D1A7601D2F6B47DA00CF15E5 /* Build configuration list for PBXProject "Aravaca_Pozuelo" */ = {
			isa = XCConfigurationList;
			buildConfigurations = (
				D1A760532F6B47DD00CF15E5 /* Debug */,
				D1A760542F6B47DD00CF15E5 /* Release */,
			);
			defaultConfigurationIsVisible = 0;
			defaultConfigurationName = Release;
		};
		D1A760502F6B47DD00CF15E5 /* Build configuration list for PBXNativeTarget "Aravaca_Pozuelo" */ = {
			isa = XCConfigurationList;
			buildConfigurations = (
				D1A760512F6B47DD00CF15E5 /* Debug */,
				D1A760522F6B47DD00CF15E5 /* Release */,
			);
			defaultConfigurationIsVisible = 0;
			defaultConfigurationName = Release;
		};
		D1A760552F6B47DD00CF15E5 /* Build configuration list for PBXNativeTarget "Aravaca_PozueloTests" */ = {
			isa = XCConfigurationList;
			buildConfigurations = (
				D1A760562F6B47DD00CF15E5 /* Debug */,
				D1A760572F6B47DD00CF15E5 /* Release */,
			);
			defaultConfigurationIsVisible = 0;
			defaultConfigurationName = Release;
		};
		D1A760582F6B47DD00CF15E5 /* Build configuration list for PBXNativeTarget "Aravaca_PozueloUITests" */ = {
			isa = XCConfigurationList;
			buildConfigurations = (
				D1A760592F6B47DD00CF15E5 /* Debug */,
				D1A7605A2F6B47DD00CF15E5 /* Release */,
			);
			defaultConfigurationIsVisible = 0;
			defaultConfigurationName = Release;
		};
/* End XCConfigurationList section */

/* Begin XCRemoteSwiftPackageReference section */
		D1B74A6B2FB9E3EA00ABFEE8 /* XCRemoteSwiftPackageReference "firebase-ios-sdk" */ = {
			isa = XCRemoteSwiftPackageReference;
			repositoryURL = "https://github.com/firebase/firebase-ios-sdk";
			requirement = {
				kind = upToNextMajorVersion;
				minimumVersion = 12.13.0;
			};
		};
		D1B74A702FB9E95D00ABFEE8 /* XCRemoteSwiftPackageReference "ios-branch-sdk-spm" */ = {
			isa = XCRemoteSwiftPackageReference;
			repositoryURL = "https://github.com/BranchMetrics/ios-branch-sdk-spm";
			requirement = {
				kind = upToNextMajorVersion;
				minimumVersion = 3.14.0;
			};
		};
/* End XCRemoteSwiftPackageReference section */

/* Begin XCSwiftPackageProductDependency section */
		D1B74A6C2FB9E3EA00ABFEE8 /* FirebaseAnalytics */ = {
			isa = XCSwiftPackageProductDependency;
			package = D1B74A6B2FB9E3EA00ABFEE8 /* XCRemoteSwiftPackageReference "firebase-ios-sdk" */;
			productName = FirebaseAnalytics;
		};
		D1B74A6E2FB9E3EA00ABFEE8 /* FirebaseMessaging */ = {
			isa = XCSwiftPackageProductDependency;
			package = D1B74A6B2FB9E3EA00ABFEE8 /* XCRemoteSwiftPackageReference "firebase-ios-sdk" */;
			productName = FirebaseMessaging;
		};
		D1B74A712FB9E95D00ABFEE8 /* BranchSDK */ = {
			isa = XCSwiftPackageProductDependency;
			package = D1B74A702FB9E95D00ABFEE8 /* XCRemoteSwiftPackageReference "ios-branch-sdk-spm" */;
			productName = BranchSDK;
		};
/* End XCSwiftPackageProductDependency section */
	};
	rootObject = D1A7601A2F6B47DA00CF15E5 /* Project object */;
}
